
Microsoft Visual Studio Solution File, Format Version 12.00
# Visual Studio Version 16
VisualStudioVersion = 16.0.31019.35
MinimumVisualStudioVersion = 10.0.40219.1
Project("{FAE04EC0-301F-11D3-BF4B-00C04F79EFBC}") = "business_mobile.UWP", "business_mobile\business_mobile.UWP\business_mobile.UWP.csproj", "{88E80FB3-E3FB-44AE-853C-111ECA01FB17}"
EndProject
Project("{FAE04EC0-301F-11D3-BF4B-00C04F79EFBC}") = "business_mobile.Android", "business_mobile\business_mobile.Android\business_mobile.Android.csproj", "{549034A7-EEC7-4FD1-999B-270B4B1F5EF2}"
EndProject
Project("{FAE04EC0-301F-11D3-BF4B-00C04F79EFBC}") = "business_mobile.iOS", "business_mobile\business_mobile.iOS\business_mobile.iOS.csproj", "{DC632E1D-6FD3-4A67-93A2-8D31148FFA85}"
EndProject
Project("{FAE04EC0-301F-11D3-BF4B-00C04F79EFBC}") = "business_mobile", "business_mobile\business_mobile\business_mobile.csproj", "{D94DDE45-1822-484B-BAAE-3B884D009E8A}"
EndProject
Global
	GlobalSection(SolutionConfigurationPlatforms) = preSolution
		Debug|Any CPU = Debug|Any CPU
		Debug|ARM = Debug|ARM
		Debug|iPhone = Debug|iPhone
		Debug|iPhoneSimulator = Debug|iPhoneSimulator
		Debug|x64 = Debug|x64
		Debug|x86 = Debug|x86
		Release|Any CPU = Release|Any CPU
		Release|ARM = Release|ARM
		Release|iPhone = Release|iPhone
		Release|iPhoneSimulator = Release|iPhoneSimulator
		Release|x64 = Release|x64
		Release|x86 = Release|x86
	EndGlobalSection
	GlobalSection(ProjectConfigurationPlatforms) = postSolution
		{88E80FB3-E3FB-44AE-853C-111ECA01FB17}.Debug|Any CPU.ActiveCfg = Debug|x86
		{88E80FB3-E3FB-44AE-853C-111ECA01FB17}.Debug|Any CPU.Build.0 = Debug|x86
		{88E80FB3-E3FB-44AE-853C-111ECA01FB17}.Debug|Any CPU.Deploy.0 = Debug|x86
		{88E80FB3-E3FB-44AE-853C-111ECA01FB17}.Debug|ARM.ActiveCfg = Debug|ARM
		{88E80FB3-E3FB-44AE-853C-111ECA01FB17}.Debug|ARM.Build.0 = Debug|ARM
		{88E80FB3-E3FB-44AE-853C-111ECA01FB17}.Debug|ARM.Deploy.0 = Debug|ARM
		{88E80FB3-E3FB-44AE-853C-111ECA01FB17}.Debug|iPhone.ActiveCfg = Debug|x86
		{88E80FB3-E3FB-44AE-853C-111ECA01FB17}.Debug|iPhone.Build.0 = Debug|x86
		{88E80FB3-E3FB-44AE-853C-111ECA01FB17}.Debug|iPhone.Deploy.0 = Debug|x86
		{88E80FB3-E3FB-44AE-853C-111ECA01FB17}.Debug|iPhoneSimulator.ActiveCfg = Debug|x86
		{88E80FB3-E3FB-44AE-853C-111ECA01FB17}.Debug|iPhoneSimulator.Build.0 = Debug|x86
		{88E80FB3-E3FB-44AE-853C-111ECA01FB17}.Debug|iPhoneSimulator.Deploy.0 = Debug|x86
		{88E80FB3-E3FB-44AE-853C-111ECA01FB17}.Debug|x64.ActiveCfg = Debug|x64
		{88E80FB3-E3FB-44AE-853C-111ECA01FB17}.Debug|x64.Build.0 = Debug|x64
		{88E80FB3-E3FB-44AE-853C-111ECA01FB17}.Debug|x64.Deploy.0 = Debug|x64
		{88E80FB3-E3FB-44AE-853C-111ECA01FB17}.Debug|x86.ActiveCfg = Debug|x86
		{88E80FB3-E3FB-44AE-853C-111ECA01FB17}.Debug|x86.Build.0 = Debug|x86
		{88E80FB3-E3FB-44AE-853C-111ECA01FB17}.Debug|x86.Deploy.0 = Debug|x86
		{88E80FB3-E3FB-44AE-853C-111ECA01FB17}.Release|Any CPU.ActiveCfg = Release|x86
		{88E80FB3-E3FB-44AE-853C-111ECA01FB17}.Release|Any CPU.Build.0 = Release|x86
		{88E80FB3-E3FB-44AE-853C-111ECA01FB17}.Release|Any CPU.Deploy.0 = Release|x86
		{88E80FB3-E3FB-44AE-853C-111ECA01FB17}.Release|ARM.ActiveCfg = Release|ARM
		{88E80FB3-E3FB-44AE-853C-111ECA01FB17}.Release|ARM.Build.0 = Release|ARM
		{88E80FB3-E3FB-44AE-853C-111ECA01FB17}.Release|ARM.Deploy.0 = Release|ARM
		{88E80FB3-E3FB-44AE-853C-111ECA01FB17}.Release|iPhone.ActiveCfg = Release|x86
		{88E80FB3-E3FB-44AE-853C-111ECA01FB17}.Release|iPhone.Build.0 = Release|x86
		{88E80FB3-E3FB-44AE-853C-111ECA01FB17}.Release|iPhone.Deploy.0 = Release|x86
		{88E80FB3-E3FB-44AE-853C-111ECA01FB17}.Release|iPhoneSimulator.ActiveCfg = Release|x86
		{88E80FB3-E3FB-44AE-853C-111ECA01FB17}.Release|iPhoneSimulator.Build.0 = Release|x86
		{88E80FB3-E3FB-44AE-853C-111ECA01FB17}.Release|iPhoneSimulator.Deploy.0 = Release|x86
		{88E80FB3-E3FB-44AE-853C-111ECA01FB17}.Release|x64.ActiveCfg = Release|x64
		{88E80FB3-E3FB-44AE-853C-111ECA01FB17}.Release|x64.Build.0 = Release|x64
		{88E80FB3-E3FB-44AE-853C-111ECA01FB17}.Release|x64.Deploy.0 = Release|x64
		{88E80FB3-E3FB-44AE-853C-111ECA01FB17}.Release|x86.ActiveCfg = Release|x86
		{88E80FB3-E3FB-44AE-853C-111ECA01FB17}.Release|x86.Build.0 = Release|x86
		{88E80FB3-E3FB-44AE-853C-111ECA01FB17}.Release|x86.Deploy.0 = Release|x86
		{549034A7-EEC7-4FD1-999B-270B4B1F5EF2}.Debug|Any CPU.ActiveCfg = Debug|Any CPU
		{549034A7-EEC7-4FD1-999B-270B4B1F5EF2}.Debug|Any CPU.Build.0 = Debug|Any CPU
		{549034A7-EEC7-4FD1-999B-270B4B1F5EF2}.Debug|Any CPU.Deploy.0 = Debug|Any CPU
		{549034A7-EEC7-4FD1-999B-270B4B1F5EF2}.Debug|ARM.ActiveCfg = Debug|Any CPU
		{549034A7-EEC7-4FD1-999B-270B4B1F5EF2}.Debug|ARM.Build.0 = Debug|Any CPU
		{549034A7-EEC7-4FD1-999B-270B4B1F5EF2}.Debug|ARM.Deploy.0 = Debug|Any CPU
		{549034A7-EEC7-4FD1-999B-270B4B1F5EF2}.Debug|iPhone.ActiveCfg = Debug|Any CPU
		{549034A7-EEC7-4FD1-999B-270B4B1F5EF2}.Debug|iPhone.Build.0 = Debug|Any CPU
		{549034A7-EEC7-4FD1-999B-270B4B1F5EF2}.Debug|iPhone.Deploy.0 = Debug|Any CPU
		{549034A7-EEC7-4FD1-999B-270B4B1F5EF2}.Debug|iPhoneSimulator.ActiveCfg = Debug|Any CPU
		{549034A7-EEC7-4FD1-999B-270B4B1F5EF2}.Debug|iPhoneSimulator.Build.0 = Debug|Any CPU
		{549034A7-EEC7-4FD1-999B-270B4B1F5EF2}.Debug|iPhoneSimulator.Deploy.0 = Debug|Any CPU
		{549034A7-EEC7-4FD1-999B-270B4B1F5EF2}.Debug|x64.ActiveCfg = Debug|Any CPU
		{549034A7-EEC7-4FD1-999B-270B4B1F5EF2}.Debug|x64.Build.0 = Debug|Any CPU
		{549034A7-EEC7-4FD1-999B-270B4B1F5EF2}.Debug|x64.Deploy.0 = Debug|Any CPU
		{549034A7-EEC7-4FD1-999B-270B4B1F5EF2}.Debug|x86.ActiveCfg = Debug|Any CPU
		{549034A7-EEC7-4FD1-999B-270B4B1F5EF2}.Debug|x86.Build.0 = Debug|Any CPU
		{549034A7-EEC7-4FD1-999B-270B4B1F5EF2}.Debug|x86.Deploy.0 = Debug|Any CPU
		{549034A7-EEC7-4FD1-999B-270B4B1F5EF2}.Release|Any CPU.ActiveCfg = Release|Any CPU
		{549034A7-EEC7-4FD1-999B-270B4B1F5EF2}.Release|Any CPU.Build.0 = Release|Any CPU
		{549034A7-EEC7-4FD1-999B-270B4B1F5EF2}.Release|Any CPU.Deploy.0 = Release|Any CPU
		{549034A7-EEC7-4FD1-999B-270B4B1F5EF2}.Release|ARM.ActiveCfg = Release|Any CPU
		{549034A7-EEC7-4FD1-999B-270B4B1F5EF2}.Release|ARM.Build.0 = Release|Any CPU
		{549034A7-EEC7-4FD1-999B-270B4B1F5EF2}.Release|ARM.Deploy.0 = Release|Any CPU
		{549034A7-EEC7-4FD1-999B-270B4B1F5EF2}.Release|iPhone.ActiveCfg = Release|Any CPU
		{549034A7-EEC7-4FD1-999B-270B4B1F5EF2}.Release|iPhone.Build.0 = Release|Any CPU
		{549034A7-EEC7-4FD1-999B-270B4B1F5EF2}.Release|iPhone.Deploy.0 = Release|Any CPU
		{549034A7-EEC7-4FD1-999B-270B4B1F5EF2}.Release|iPhoneSimulator.ActiveCfg = Release|Any CPU
		{549034A7-EEC7-4FD1-999B-270B4B1F5EF2}.Release|iPhoneSimulator.Build.0 = Release|Any CPU
		{549034A7-EEC7-4FD1-999B-270B4B1F5EF2}.Release|iPhoneSimulator.Deploy.0 = Release|Any CPU
		{549034A7-EEC7-4FD1-999B-270B4B1F5EF2}.Release|x64.ActiveCfg = Release|Any CPU
		{549034A7-EEC7-4FD1-999B-270B4B1F5EF2}.Release|x64.Build.0 = Release|Any CPU
		{549034A7-EEC7-4FD1-999B-270B4B1F5EF2}.Release|x64.Deploy.0 = Release|Any CPU
		{549034A7-EEC7-4FD1-999B-270B4B1F5EF2}.Release|x86.ActiveCfg = Release|Any CPU
		{549034A7-EEC7-4FD1-999B-270B4B1F5EF2}.Release|x86.Build.0 = Release|Any CPU
		{549034A7-EEC7-4FD1-999B-270B4B1F5EF2}.Release|x86.Deploy.0 = Release|Any CPU
		{DC632E1D-6FD3-4A67-93A2-8D31148FFA85}.Debug|Any CPU.ActiveCfg = Debug|iPhoneSimulator
		{DC632E1D-6FD3-4A67-93A2-8D31148FFA85}.Debug|Any CPU.Build.0 = Debug|iPhoneSimulator
		{DC632E1D-6FD3-4A67-93A2-8D31148FFA85}.Debug|Any CPU.Deploy.0 = Debug|iPhoneSimulator
		{DC632E1D-6FD3-4A67-93A2-8D31148FFA85}.Debug|ARM.ActiveCfg = Debug|iPhone
		{DC632E1D-6FD3-4A67-93A2-8D31148FFA85}.Debug|ARM.Build.0 = Debug|iPhone
		{DC632E1D-6FD3-4A67-93A2-8D31148FFA85}.Debug|ARM.Deploy.0 = Debug|iPhone
		{DC632E1D-6FD3-4A67-93A2-8D31148FFA85}.Debug|iPhone.ActiveCfg = Debug|iPhone
		{DC632E1D-6FD3-4A67-93A2-8D31148FFA85}.Debug|iPhone.Build.0 = Debug|iPhone
		{DC632E1D-6FD3-4A67-93A2-8D31148FFA85}.Debug|iPhone.Deploy.0 = Debug|iPhone
		{DC632E1D-6FD3-4A67-93A2-8D31148FFA85}.Debug|iPhoneSimulator.ActiveCfg = Debug|iPhoneSimulator
		{DC632E1D-6FD3-4A67-93A2-8D31148FFA85}.Debug|iPhoneSimulator.Build.0 = Debug|iPhoneSimulator
		{DC632E1D-6FD3-4A67-93A2-8D31148FFA85}.Debug|iPhoneSimulator.Deploy.0 = Debug|iPhoneSimulator
		{DC632E1D-6FD3-4A67-93A2-8D31148FFA85}.Debug|x64.ActiveCfg = Debug|iPhoneSimulator
		{DC632E1D-6FD3-4A67-93A2-8D31148FFA85}.Debug|x64.Build.0 = Debug|iPhoneSimulator
		{DC632E1D-6FD3-4A67-93A2-8D31148FFA85}.Debug|x64.Deploy.0 = Debug|iPhoneSimulator
		{DC632E1D-6FD3-4A67-93A2-8D31148FFA85}.Debug|x86.ActiveCfg = Debug|iPhoneSimulator
		{DC632E1D-6FD3-4A67-93A2-8D31148FFA85}.Debug|x86.Build.0 = Debug|iPhoneSimulator
		{DC632E1D-6FD3-4A67-93A2-8D31148FFA85}.Debug|x86.Deploy.0 = Debug|iPhoneSimulator
		{DC632E1D-6FD3-4A67-93A2-8D31148FFA85}.Release|Any CPU.ActiveCfg = Release|iPhoneSimulator
		{DC632E1D-6FD3-4A67-93A2-8D31148FFA85}.Release|Any CPU.Build.0 = Release|iPhoneSimulator
		{DC632E1D-6FD3-4A67-93A2-8D31148FFA85}.Release|Any CPU.Deploy.0 = Release|iPhoneSimulator
		{DC632E1D-6FD3-4A67-93A2-8D31148FFA85}.Release|ARM.ActiveCfg = Release|iPhoneSimulator
		{DC632E1D-6FD3-4A67-93A2-8D31148FFA85}.Release|ARM.Build.0 = Release|iPhoneSimulator
		{DC632E1D-6FD3-4A67-93A2-8D31148FFA85}.Release|ARM.Deploy.0 = Release|iPhoneSimulator
		{DC632E1D-6FD3-4A67-93A2-8D31148FFA85}.Release|iPhone.ActiveCfg = Release|iPhone
		{DC632E1D-6FD3-4A67-93A2-8D31148FFA85}.Release|iPhone.Build.0 = Release|iPhone
		{DC632E1D-6FD3-4A67-93A2-8D31148FFA85}.Release|iPhone.Deploy.0 = Release|iPhone
		{DC632E1D-6FD3-4A67-93A2-8D31148FFA85}.Release|iPhoneSimulator.ActiveCfg = Release|iPhoneSimulator
		{DC632E1D-6FD3-4A67-93A2-8D31148FFA85}.Release|iPhoneSimulator.Build.0 = Release|iPhoneSimulator
		{DC632E1D-6FD3-4A67-93A2-8D31148FFA85}.Release|iPhoneSimulator.Deploy.0 = Release|iPhoneSimulator
		{DC632E1D-6FD3-4A67-93A2-8D31148FFA85}.Release|x64.ActiveCfg = Release|iPhoneSimulator
		{DC632E1D-6FD3-4A67-93A2-8D31148FFA85}.Release|x64.Build.0 = Release|iPhoneSimulator
		{DC632E1D-6FD3-4A67-93A2-8D31148FFA85}.Release|x64.Deploy.0 = Release|iPhoneSimulator
		{DC632E1D-6FD3-4A67-93A2-8D31148FFA85}.Release|x86.ActiveCfg = Release|iPhoneSimulator
		{DC632E1D-6FD3-4A67-93A2-8D31148FFA85}.Release|x86.Build.0 = Release|iPhoneSimulator
		{DC632E1D-6FD3-4A67-93A2-8D31148FFA85}.Release|x86.Deploy.0 = Release|iPhoneSimulator
		{D94DDE45-1822-484B-BAAE-3B884D009E8A}.Debug|Any CPU.ActiveCfg = Debug|Any CPU
		{D94DDE45-1822-484B-BAAE-3B884D009E8A}.Debug|Any CPU.Build.0 = Debug|Any CPU
		{D94DDE45-1822-484B-BAAE-3B884D009E8A}.Debug|Any CPU.Deploy.0 = Debug|Any CPU
		{D94DDE45-1822-484B-BAAE-3B884D009E8A}.Debug|ARM.ActiveCfg = Debug|Any CPU
		{D94DDE45-1822-484B-BAAE-3B884D009E8A}.Debug|ARM.Build.0 = Debug|Any CPU
		{D94DDE45-1822-484B-BAAE-3B884D009E8A}.Debug|ARM.Deploy.0 = Debug|Any CPU
		{D94DDE45-1822-484B-BAAE-3B884D009E8A}.Debug|iPhone.ActiveCfg = Debug|Any CPU
		{D94DDE45-1822-484B-BAAE-3B884D009E8A}.Debug|iPhone.Build.0 = Debug|Any CPU
		{D94DDE45-1822-484B-BAAE-3B884D009E8A}.Debug|iPhone.Deploy.0 = Debug|Any CPU
		{D94DDE45-1822-484B-BAAE-3B884D009E8A}.Debug|iPhoneSimulator.ActiveCfg = Debug|Any CPU
		{D94DDE45-1822-484B-BAAE-3B884D009E8A}.Debug|iPhoneSimulator.Build.0 = Debug|Any CPU
		{D94DDE45-1822-484B-BAAE-3B884D009E8A}.Debug|iPhoneSimulator.Deploy.0 = Debug|Any CPU
		{D94DDE45-1822-484B-BAAE-3B884D009E8A}.Debug|x64.ActiveCfg = Debug|Any CPU
		{D94DDE45-1822-484B-BAAE-3B884D009E8A}.Debug|x64.Build.0 = Debug|Any CPU
		{D94DDE45-1822-484B-BAAE-3B884D009E8A}.Debug|x64.Deploy.0 = Debug|Any CPU
		{D94DDE45-1822-484B-BAAE-3B884D009E8A}.Debug|x86.ActiveCfg = Debug|Any CPU
		{D94DDE45-1822-484B-BAAE-3B884D009E8A}.Debug|x86.Build.0 = Debug|Any CPU
		{D94DDE45-1822-484B-BAAE-3B884D009E8A}.Debug|x86.Deploy.0 = Debug|Any CPU
		{D94DDE45-1822-484B-BAAE-3B884D009E8A}.Release|Any CPU.ActiveCfg = Release|Any CPU
		{D94DDE45-1822-484B-BAAE-3B884D009E8A}.Release|Any CPU.Build.0 = Release|Any CPU
		{D94DDE45-1822-484B-BAAE-3B884D009E8A}.Release|Any CPU.Deploy.0 = Release|Any CPU
		{D94DDE45-1822-484B-BAAE-3B884D009E8A}.Release|ARM.ActiveCfg = Release|Any CPU
		{D94DDE45-1822-484B-BAAE-3B884D009E8A}.Release|ARM.Build.0 = Release|Any CPU
		{D94DDE45-1822-484B-BAAE-3B884D009E8A}.Release|ARM.Deploy.0 = Release|Any CPU
		{D94DDE45-1822-484B-BAAE-3B884D009E8A}.Release|iPhone.ActiveCfg = Release|Any CPU
		{D94DDE45-1822-484B-BAAE-3B884D009E8A}.Release|iPhone.Build.0 = Release|Any CPU
		{D94DDE45-1822-484B-BAAE-3B884D009E8A}.Release|iPhone.Deploy.0 = Release|Any CPU
		{D94DDE45-1822-484B-BAAE-3B884D009E8A}.Release|iPhoneSimulator.ActiveCfg = Release|Any CPU
		{D94DDE45-1822-484B-BAAE-3B884D009E8A}.Release|iPhoneSimulator.Build.0 = Release|Any CPU
		{D94DDE45-1822-484B-BAAE-3B884D009E8A}.Release|iPhoneSimulator.Deploy.0 = Release|Any CPU
		{D94DDE45-1822-484B-BAAE-3B884D009E8A}.Release|x64.ActiveCfg = Release|Any CPU
		{D94DDE45-1822-484B-BAAE-3B884D009E8A}.Release|x64.Build.0 = Release|Any CPU
		{D94DDE45-1822-484B-BAAE-3B884D009E8A}.Release|x64.Deploy.0 = Release|Any CPU
		{D94DDE45-1822-484B-BAAE-3B884D009E8A}.Release|x86.ActiveCfg = Release|Any CPU
		{D94DDE45-1822-484B-BAAE-3B884D009E8A}.Release|x86.Build.0 = Release|Any CPU
		{D94DDE45-1822-484B-BAAE-3B884D009E8A}.Release|x86.Deploy.0 = Release|Any CPU
	EndGlobalSection
	GlobalSection(SolutionProperties) = preSolution
		HideSolutionNode = FALSE
	EndGlobalSection
	GlobalSection(ExtensibilityGlobals) = postSolution
		SolutionGuid = {FF99BF2E-1780-456E-B97A-20D5C0C6C897}
	EndGlobalSection
EndGlobal
